{
  "version": 4,
  "terraform_version": "0.12.14",
  "serial": 14,
  "lineage": "4d5ef913-4cdb-ca63-9464-6f514b123d8a",
  "outputs": {},
  "resources": [
    {
      "mode": "managed",
      "type": "google_compute_global_address",
      "name": "database_ip_address",
      "provider": "provider.google",
      "instances": [
        {
          "schema_version": 0,
          "attributes": {
            "address": "10.100.0.0",
            "address_type": "INTERNAL",
            "creation_timestamp": "2019-12-08T14:27:03.382-08:00",
            "description": "",
            "id": "projects/ybeta-air-quality-map-dev/global/addresses/private-ip-address",
            "ip_version": "",
            "name": "private-ip-address",
            "network": "https://www.googleapis.com/compute/v1/projects/ybeta-air-quality-map-dev/global/networks/network-dev",
            "prefix_length": 16,
            "project": "ybeta-air-quality-map-dev",
            "purpose": "VPC_PEERING",
            "self_link": "https://www.googleapis.com/compute/v1/projects/ybeta-air-quality-map-dev/global/addresses/private-ip-address",
            "timeouts": null
          },
          "private": "eyJlMmJmYjczMC1lY2FhLTExZTYtOGY4OC0zNDM2M2JjN2M0YzAiOnsiY3JlYXRlIjoyNDAwMDAwMDAwMDAsImRlbGV0ZSI6MjQwMDAwMDAwMDAwfX0=",
          "dependencies": [
            "google_compute_network.network"
          ]
        }
      ]
    },
    {
      "mode": "managed",
      "type": "google_compute_network",
      "name": "network",
      "provider": "provider.google",
      "instances": [
        {
          "schema_version": 0,
          "attributes": {
            "auto_create_subnetworks": true,
            "delete_default_routes_on_create": false,
            "description": "",
            "gateway_ipv4": "",
            "id": "projects/ybeta-air-quality-map-dev/global/networks/network-dev",
            "ipv4_range": null,
            "name": "network-dev",
            "project": "ybeta-air-quality-map-dev",
            "routing_mode": "REGIONAL",
            "self_link": "https://www.googleapis.com/compute/v1/projects/ybeta-air-quality-map-dev/global/networks/network-dev",
            "timeouts": null
          },
          "private": "eyJlMmJmYjczMC1lY2FhLTExZTYtOGY4OC0zNDM2M2JjN2M0YzAiOnsiY3JlYXRlIjoyNDAwMDAwMDAwMDAsImRlbGV0ZSI6MjQwMDAwMDAwMDAwLCJ1cGRhdGUiOjI0MDAwMDAwMDAwMH19"
        }
      ]
    },
    {
      "mode": "managed",
      "type": "google_pubsub_topic",
      "name": "fetch_air_quality_data_from_airly",
      "provider": "provider.google",
      "instances": [
        {
          "schema_version": 0,
          "attributes": {
            "id": "projects/ybeta-air-quality-map-dev/topics/fetch-air-quality-data-from-airly",
            "kms_key_name": "",
            "labels": {},
            "message_storage_policy": [],
            "name": "fetch-air-quality-data-from-airly",
            "project": "ybeta-air-quality-map-dev",
            "timeouts": null
          },
          "private": "eyJlMmJmYjczMC1lY2FhLTExZTYtOGY4OC0zNDM2M2JjN2M0YzAiOnsiY3JlYXRlIjoyNDAwMDAwMDAwMDAsImRlbGV0ZSI6MjQwMDAwMDAwMDAwLCJ1cGRhdGUiOjI0MDAwMDAwMDAwMH19"
        }
      ]
    },
    {
      "mode": "managed",
      "type": "google_service_networking_connection",
      "name": "database_vpc_connection",
      "provider": "provider.google",
      "instances": [
        {
          "schema_version": 0,
          "attributes": {
            "id": "https%3A%2F%2Fwww.googleapis.com%2Fcompute%2Fv1%2Fprojects%2Fybeta-air-quality-map-dev%2Fglobal%2Fnetworks%2Fnetwork-dev:servicenetworking.googleapis.com",
            "network": "https://www.googleapis.com/compute/v1/projects/ybeta-air-quality-map-dev/global/networks/network-dev",
            "peering": "servicenetworking-googleapis-com",
            "reserved_peering_ranges": [
              "private-ip-address"
            ],
            "service": "servicenetworking.googleapis.com"
          },
          "private": "bnVsbA==",
          "dependencies": [
            "google_compute_global_address.database_ip_address",
            "google_compute_network.network"
          ]
        }
      ]
    },
    {
      "mode": "managed",
      "type": "google_sql_database_instance",
      "name": "database",
      "provider": "provider.google-beta",
      "instances": [
        {
          "schema_version": 0,
          "attributes": {
            "connection_name": "ybeta-air-quality-map-dev:europe-west1:air-quality-data",
            "database_version": "POSTGRES_11",
            "first_ip_address": "10.100.0.3",
            "id": "air-quality-data",
            "ip_address": [
              {
                "ip_address": "10.100.0.3",
                "time_to_retire": "",
                "type": "PRIVATE"
              }
            ],
            "master_instance_name": "",
            "name": "air-quality-data",
            "private_ip_address": "10.100.0.3",
            "project": "ybeta-air-quality-map-dev",
            "public_ip_address": "",
            "region": "europe-west1",
            "replica_configuration": [],
            "root_password": null,
            "self_link": "https://www.googleapis.com/sql/v1beta4/projects/ybeta-air-quality-map-dev/instances/air-quality-data",
            "server_ca_cert": [
              {
                "cert": "-----BEGIN CERTIFICATE-----\nMIIDfzCCAmegAwIBAgIBADANBgkqhkiG9w0BAQsFADB3MS0wKwYDVQQuEyRkM2Vi\nZGU1Zi0zZDE5LTQ2M2UtOWJiNS01ZWQxNDMxMzUwZjIxIzAhBgNVBAMTGkdvb2ds\nZSBDbG91ZCBTUUwgU2VydmVyIENBMRQwEgYDVQQKEwtHb29nbGUsIEluYzELMAkG\nA1UEBhMCVVMwHhcNMTkxMjA4MjI1MzU5WhcNMjkxMjA1MjI1NDU5WjB3MS0wKwYD\nVQQuEyRkM2ViZGU1Zi0zZDE5LTQ2M2UtOWJiNS01ZWQxNDMxMzUwZjIxIzAhBgNV\nBAMTGkdvb2dsZSBDbG91ZCBTUUwgU2VydmVyIENBMRQwEgYDVQQKEwtHb29nbGUs\nIEluYzELMAkGA1UEBhMCVVMwggEiMA0GCSqGSIb3DQEBAQUAA4IBDwAwggEKAoIB\nAQCnzIHlXifqFtyLjW95bZ+BmNvAHM7HjnoxwaKaig+UY8Pf3tjeeqIP7BkxzqiM\n+mlPOC03fNZHtDbFnGC+sxzGlCQxpLvAZXYB+vl07x6gKOxF096F9I6EqHlPi+cr\nHoeVPVVV9mVLscsBS/iZOpJyDEeaveE7Lo3zku43Q0T0pk/lSwhaDvXBjjIDeIO2\nu1+eEuadYme7IT8UmaZ38OJoouYfOVDq01akNN/zBZEMlQSwsElr3NRH+UHmZaqd\ne9zlT48m5ORZMfc1kn5m3V07sGsQGY/+mRGdHO2zOgokXMDBOyDQbjgFzpK318+Q\nVwhMnJYw6zRZTptUaXStbhj7AgMBAAGjFjAUMBIGA1UdEwEB/wQIMAYBAf8CAQAw\nDQYJKoZIhvcNAQELBQADggEBACMlJ/O/5G2aDwYXX/tRkuYl0IY1rDBqXnsytXfj\nGPAXkn7v93xkcFHmCIl05W0MxpcU0MnO6P3eNMIMWmGf9nS0kCXKcmBGEJ6yS5S7\n86ayS1fGMrXc2dkUm+TO2SXV7dagh85wwcSqmymhmCXpHqXqRdMDazd2p1FylYu+\nQCS/d2CLy+Zw8+XA1/9zNqO7TSNR6zw2iKm9dtgYG6k7mqpOBwHFRwpAquR/9eWX\naBk5z4iPncqhALOj57fo5JjfQx1CQrlFL0N7JgO1NtUmpKEYJrFlb+6JLzVvaOt8\nKygQ3LBGY+oHyswsG++DJ0JQZ2AzQRq0GXjZAjJoNCMnZo0=\n-----END CERTIFICATE-----",
                "common_name": "C=US,O=Google\\, Inc,CN=Google Cloud SQL Server CA,dnQualifier=d3ebde5f-3d19-463e-9bb5-5ed1431350f2",
                "create_time": "2019-12-08T22:53:59.381Z",
                "expiration_time": "2029-12-05T22:54:59.381Z",
                "sha1_fingerprint": "098bbc23b4d59abaa76da1cec740e2b38b9ecb5a"
              }
            ],
            "service_account_email_address": "p685262591540-r0o151@gcp-sa-cloud-sql.iam.gserviceaccount.com",
            "settings": [
              {
                "activation_policy": "ALWAYS",
                "authorized_gae_applications": [],
                "availability_type": "",
                "backup_configuration": [
                  {
                    "binary_log_enabled": false,
                    "enabled": false,
                    "location": "",
                    "start_time": "15:00"
                  }
                ],
                "crash_safe_replication": false,
                "database_flags": [],
                "disk_autoresize": true,
                "disk_size": 10,
                "disk_type": "PD_SSD",
                "ip_configuration": [
                  {
                    "authorized_networks": [],
                    "ipv4_enabled": false,
                    "private_network": "projects/ybeta-air-quality-map-dev/global/networks/network-dev",
                    "require_ssl": false
                  }
                ],
                "location_preference": [
                  {
                    "follow_gae_application": "",
                    "zone": "europe-west1-d"
                  }
                ],
                "maintenance_window": [],
                "pricing_plan": "PER_USE",
                "replication_type": "SYNCHRONOUS",
                "tier": "db-f1-micro",
                "user_labels": {},
                "version": 1
              }
            ],
            "timeouts": null
          },
          "private": "eyJlMmJmYjczMC1lY2FhLTExZTYtOGY4OC0zNDM2M2JjN2M0YzAiOnsiY3JlYXRlIjoxMjAwMDAwMDAwMDAwLCJkZWxldGUiOjEyMDAwMDAwMDAwMDAsInVwZGF0ZSI6MTIwMDAwMDAwMDAwMH19",
          "dependencies": [
            "google_compute_global_address.database_ip_address",
            "google_compute_network.network",
            "google_service_networking_connection.database_vpc_connection"
          ]
        }
      ]
    }
  ]
}
